
Microsoft Visual Studio Solution File, Format Version 12.00
# Visual Studio Version 16
VisualStudioVersion = 16.0.30717.126
MinimumVisualStudioVersion = 10.0.40219.1
Project("{FAE04EC0-301F-11D3-BF4B-00C04F79EFBC}") = "MediaTek86", "MediaTek86\MediaTek86.csproj", "{D3634BDD-9B9D-4D52-9669-9589FA0538AD}"
EndProject
Global
	GlobalSection(SolutionConfigurationPlatforms) = preSolution
		Debug|Any CPU = Debug|Any CPU
		Release|Any CPU = Release|Any CPU
	EndGlobalSection
	GlobalSection(ProjectConfigurationPlatforms) = postSolution
		{D3634BDD-9B9D-4D52-9669-9589FA0538AD}.Debug|Any CPU.ActiveCfg = Debug|Any CPU
		{D3634BDD-9B9D-4D52-9669-9589FA0538AD}.Debug|Any CPU.Build.0 = Debug|Any CPU
		{D3634BDD-9B9D-4D52-9669-9589FA0538AD}.Release|Any CPU.ActiveCfg = Release|Any CPU
		{D3634BDD-9B9D-4D52-9669-9589FA0538AD}.Release|Any CPU.Build.0 = Release|Any CPU
	EndGlobalSection
	GlobalSection(SolutionProperties) = preSolution
		HideSolutionNode = FALSE
	EndGlobalSection
	GlobalSection(ExtensibilityGlobals) = postSolution
		SolutionGuid = {A8788BF7-F1E3-491A-906F-9CFB3306B7AD}
	EndGlobalSection
EndGlobal
